{
  "version": 4,
  "terraform_version": "0.13.3",
  "serial": 10,
  "lineage": "632c5784-a6f1-4c7a-12aa-8862862b47b9",
  "outputs": {
    "instance_name": {
      "value": "ujjwol-instance",
      "type": "string"
    },
    "public_ip": {
      "value": "35.228.85.86",
      "type": "string"
    }
  },
  "resources": [
    {
      "mode": "managed",
      "type": "google_compute_address",
      "name": "vm_static_ip",
      "provider": "provider[\"registry.terraform.io/hashicorp/google\"]",
      "instances": [
        {
          "schema_version": 0,
          "attributes": {
            "address": "35.228.85.86",
            "address_type": "EXTERNAL",
            "creation_timestamp": "2020-09-21T06:07:08.689-07:00",
            "description": "",
            "id": "projects/ujjwol-project-terraform-intro/regions/europe-north1/addresses/ujjwol-terraform-ip",
            "name": "ujjwol-terraform-ip",
            "network_tier": "PREMIUM",
            "project": "ujjwol-project-terraform-intro",
            "purpose": "",
            "region": "europe-north1",
            "self_link": "https://www.googleapis.com/compute/v1/projects/ujjwol-project-terraform-intro/regions/europe-north1/addresses/ujjwol-terraform-ip",
            "subnetwork": "",
            "timeouts": null,
            "users": []
          },
          "private": "eyJlMmJmYjczMC1lY2FhLTExZTYtOGY4OC0zNDM2M2JjN2M0YzAiOnsiY3JlYXRlIjoyNDAwMDAwMDAwMDAsImRlbGV0ZSI6MjQwMDAwMDAwMDAwfX0="
        }
      ]
    },
    {
      "mode": "managed",
      "type": "google_compute_instance",
      "name": "vm_instance",
      "provider": "provider[\"registry.terraform.io/hashicorp/google\"]",
      "instances": [
        {
          "schema_version": 6,
          "attributes": {
            "allow_stopping_for_update": null,
            "attached_disk": [],
            "boot_disk": [
              {
                "auto_delete": true,
                "device_name": "persistent-disk-0",
                "disk_encryption_key_raw": "",
                "disk_encryption_key_sha256": "",
                "initialize_params": [
                  {
                    "image": "https://www.googleapis.com/compute/v1/projects/ubuntu-os-cloud/global/images/ubuntu-1804-bionic-v20200317",
                    "labels": {},
                    "size": 10,
                    "type": "pd-standard"
                  }
                ],
                "kms_key_self_link": "",
                "mode": "READ_WRITE",
                "source": "https://www.googleapis.com/compute/v1/projects/ujjwol-project-terraform-intro/zones/europe-north1-a/disks/ujjwol-ubuntu-instance"
              }
            ],
            "can_ip_forward": false,
            "cpu_platform": "Intel Skylake",
            "current_status": "RUNNING",
            "deletion_protection": false,
            "description": "",
            "desired_status": null,
            "enable_display": false,
            "guest_accelerator": [],
            "hostname": "",
            "id": "projects/ujjwol-project-terraform-intro/zones/europe-north1-a/instances/ujjwol-ubuntu-instance",
            "instance_id": "6763842786296142658",
            "label_fingerprint": "42WmSpB8rSM=",
            "labels": null,
            "machine_type": "f1-micro",
            "metadata": null,
            "metadata_fingerprint": "F5QIdbiv33E=",
            "metadata_startup_script": "",
            "min_cpu_platform": "",
            "name": "ujjwol-ubuntu-instance",
            "network_interface": [
              {
                "access_config": [
                  {
                    "nat_ip": "35.228.85.86",
                    "network_tier": "PREMIUM",
                    "public_ptr_domain_name": ""
                  }
                ],
                "alias_ip_range": [],
                "name": "nic0",
                "network": "https://www.googleapis.com/compute/v1/projects/ujjwol-project-terraform-intro/global/networks/ujjwol-terraform-network",
                "network_ip": "10.166.0.2",
                "subnetwork": "https://www.googleapis.com/compute/v1/projects/ujjwol-project-terraform-intro/regions/europe-north1/subnetworks/ujjwol-terraform-network",
                "subnetwork_project": "ujjwol-project-terraform-intro"
              }
            ],
            "project": "ujjwol-project-terraform-intro",
            "resource_policies": null,
            "scheduling": [
              {
                "automatic_restart": true,
                "node_affinities": [],
                "on_host_maintenance": "MIGRATE",
                "preemptible": false
              }
            ],
            "scratch_disk": [],
            "self_link": "https://www.googleapis.com/compute/v1/projects/ujjwol-project-terraform-intro/zones/europe-north1-a/instances/ujjwol-ubuntu-instance",
            "service_account": [],
            "shielded_instance_config": [
              {
                "enable_integrity_monitoring": true,
                "enable_secure_boot": false,
                "enable_vtpm": true
              }
            ],
            "tags": null,
            "tags_fingerprint": "42WmSpB8rSM=",
            "timeouts": null,
            "zone": "europe-north1-a"
          },
          "private": "eyJlMmJmYjczMC1lY2FhLTExZTYtOGY4OC0zNDM2M2JjN2M0YzAiOnsiY3JlYXRlIjoxMjAwMDAwMDAwMDAwLCJkZWxldGUiOjEyMDAwMDAwMDAwMDAsInVwZGF0ZSI6MTIwMDAwMDAwMDAwMH0sInNjaGVtYV92ZXJzaW9uIjoiNiJ9",
          "dependencies": [
            "google_compute_address.vm_static_ip",
            "google_compute_network.vpc_network"
          ]
        }
      ]
    },
    {
      "mode": "managed",
      "type": "google_compute_network",
      "name": "vpc_network",
      "provider": "provider[\"registry.terraform.io/hashicorp/google\"]",
      "instances": [
        {
          "schema_version": 0,
          "attributes": {
            "auto_create_subnetworks": true,
            "delete_default_routes_on_create": false,
            "description": "",
            "gateway_ipv4": "",
            "id": "projects/ujjwol-project-terraform-intro/global/networks/ujjwol-terraform-network",
            "ipv4_range": null,
            "name": "ujjwol-terraform-network",
            "project": "ujjwol-project-terraform-intro",
            "routing_mode": "REGIONAL",
            "self_link": "https://www.googleapis.com/compute/v1/projects/ujjwol-project-terraform-intro/global/networks/ujjwol-terraform-network",
            "timeouts": null
          },
          "private": "eyJlMmJmYjczMC1lY2FhLTExZTYtOGY4OC0zNDM2M2JjN2M0YzAiOnsiY3JlYXRlIjoyNDAwMDAwMDAwMDAsImRlbGV0ZSI6MjQwMDAwMDAwMDAwLCJ1cGRhdGUiOjI0MDAwMDAwMDAwMH19"
        }
      ]
    }
  ]
}
